{
  "requires": true,
  "lockfileVersion": 1,
  "dependencies": {
    "@babel/runtime": {
      "version": "7.9.2",
      "resolved": "https://registry.npmjs.org/@babel/runtime/-/runtime-7.9.2.tgz",
      "integrity": "sha512-NE2DtOdufG7R5vnfQUTehdTfNycfUANEtCa9PssN9O/xmTzP4E08UI797ixaei6hBEVL9BI/PsdJS5x7mWoB9Q==",
      "requires": {
        "regenerator-runtime": "^0.13.4"
      }
    },
    "@material/animation": {
      "version": "1.0.0",
      "resolved": "https://registry.npmjs.org/@material/animation/-/animation-1.0.0.tgz",
      "integrity": "sha512-Ed5/vggn6ZhSJ87yn3ZS1d826VJNFz73jHF2bSsgRtHDoB8KCuOwQMfdgAgDa4lKDF6CDIPCKBZPKrs2ubehdw==",
      "requires": {
        "tslib": "^1.9.3"
      }
    },
    "@material/base": {
      "version": "1.0.0",
      "resolved": "https://registry.npmjs.org/@material/base/-/base-1.0.0.tgz",
      "integrity": "sha512-5dxFp46x5FA+Epg6YHLzN+5zRt9S2wR84UdvVAEJ1egea94m9UHUg7y9tAnNSN16aexRSywmzyLwPr+i8PGEYA==",
      "requires": {
        "tslib": "^1.9.3"
      }
    },
    "@material/button": {
      "version": "2.1.1",
      "resolved": "https://registry.npmjs.org/@material/button/-/button-2.1.1.tgz",
      "integrity": "sha512-fVhwrVSMwaUsLgPec0yYfJHwf70q3p2yk0qq5EnbFl36AcapUihV5QydEnlJBHmrwB3nvpMooL7hYNzRiqlcYg==",
      "requires": {
        "@material/elevation": "^1.1.0",
        "@material/feature-targeting": "^0.44.1",
        "@material/ripple": "^2.1.1",
        "@material/rtl": "^0.42.0",
        "@material/shape": "^1.1.1",
        "@material/theme": "^1.1.0",
        "@material/typography": "^1.0.0"
      }
    },
    "@material/card": {
      "version": "2.1.1",
      "resolved": "https://registry.npmjs.org/@material/card/-/card-2.1.1.tgz",
      "integrity": "sha512-LZ1nYncZOa7RNzo2Rp+yNvvhPdcbymTA+LHOXqU01c6KSKIfwhfK+oMV4qRKyUTrF1H83rdlGAXF69YISFr9+g==",
      "requires": {
        "@material/elevation": "^1.1.0",
        "@material/feature-targeting": "^0.44.1",
        "@material/ripple": "^2.1.1",
        "@material/rtl": "^0.42.0",
        "@material/shape": "^1.1.1",
        "@material/theme": "^1.1.0"
      }
    },
    "@material/checkbox": {
      "version": "2.1.1",
      "resolved": "https://registry.npmjs.org/@material/checkbox/-/checkbox-2.1.1.tgz",
      "integrity": "sha512-JjgxMJjLLCI5ph6ZaBonFUoJViN4khJw+TaeHAq9ZWAMFZ7cg9knfeq7w72HrU/9+Lp5xYOBaVeZQ/4K8eBX5Q==",
      "requires": {
        "@material/animation": "^1.0.0",
        "@material/base": "^1.0.0",
        "@material/dom": "^1.1.0",
        "@material/feature-targeting": "^0.44.1",
        "@material/ripple": "^2.1.1",
        "@material/rtl": "^0.42.0",
        "@material/theme": "^1.1.0",
        "tslib": "^1.9.3"
      }
    },
    "@material/chips": {
      "version": "2.1.1",
      "resolved": "https://registry.npmjs.org/@material/chips/-/chips-2.1.1.tgz",
      "integrity": "sha512-hZ0EWO+o0SGXPtIzwJsnT6NL5pgFXWsMyxzAeenE89DZFcC0TudfYe4kE2df0pzZYoGkk0n/5NBly/WLEbJtfA==",
      "requires": {
        "@material/animation": "^1.0.0",
        "@material/base": "^1.0.0",
        "@material/checkbox": "^2.1.1",
        "@material/elevation": "^1.1.0",
        "@material/ripple": "^2.1.1",
        "@material/shape": "^1.1.1",
        "@material/theme": "^1.1.0",
        "@material/typography": "^1.0.0",
        "tslib": "^1.9.3"
      }
    },
    "@material/dialog": {
      "version": "2.1.1",
      "resolved": "https://registry.npmjs.org/@material/dialog/-/dialog-2.1.1.tgz",
      "integrity": "sha512-rkGwjr/GN+dnMN6t4tY4G9h+PTRl60SPSUlJs0MaTTJkpUAlH7F1t0+gVTkfR6klaPAw/z5KcuRqwkad1reU2w==",
      "requires": {
        "@material/animation": "^1.0.0",
        "@material/base": "^1.0.0",
        "@material/dom": "^1.1.0",
        "@material/elevation": "^1.1.0",
        "@material/feature-targeting": "^0.44.1",
        "@material/ripple": "^2.1.1",
        "@material/rtl": "^0.42.0",
        "@material/shape": "^1.1.1",
        "@material/theme": "^1.1.0",
        "@material/typography": "^1.0.0",
        "focus-trap": "^5.0.0",
        "tslib": "^1.9.3"
      }
    },
    "@material/dom": {
      "version": "1.1.0",
      "resolved": "https://registry.npmjs.org/@material/dom/-/dom-1.1.0.tgz",
      "integrity": "sha512-+HWW38ZaM2UBPu4+7QCusLDSf4tFT31rsEXHkTkxYSg/QpDivfPx6YDz4OmYtafmhPR1d1YjqB3MYysUHdodyw==",
      "requires": {
        "tslib": "^1.9.3"
      }
    },
    "@material/drawer": {
      "version": "2.3.0",
      "resolved": "https://registry.npmjs.org/@material/drawer/-/drawer-2.3.0.tgz",
      "integrity": "sha512-BIrRLkqUO2SLkSRPWtXNwF4ZFmP1NOYynNelPZOdHZOIa6HcgmXzCL5p7hInJ5MDar/xMTA84CSO6Vf1byQwHA==",
      "requires": {
        "@material/animation": "^1.0.0",
        "@material/base": "^1.0.0",
        "@material/elevation": "^1.1.0",
        "@material/list": "^2.3.0",
        "@material/ripple": "^2.3.0",
        "@material/rtl": "^0.42.0",
        "@material/shape": "^1.1.1",
        "@material/theme": "^1.1.0",
        "@material/typography": "^2.3.0",
        "focus-trap": "^5.0.0",
        "tslib": "^1.9.3"
      },
      "dependencies": {
        "@material/list": {
          "version": "2.3.0",
          "resolved": "https://registry.npmjs.org/@material/list/-/list-2.3.0.tgz",
          "integrity": "sha512-uuHWXpaXvPuOaQtQXwrgNc+WTTwBSwU/es65KJJcGrpc/o8Q3mYwMepotMN7E7/L75Wxz2w6uejnoM3zGZfvqg==",
          "requires": {
            "@material/base": "^1.0.0",
            "@material/dom": "^1.1.0",
            "@material/feature-targeting": "^0.44.1",
            "@material/ripple": "^2.3.0",
            "@material/rtl": "^0.42.0",
            "@material/shape": "^1.1.1",
            "@material/theme": "^1.1.0",
            "@material/typography": "^2.3.0",
            "tslib": "^1.9.3"
          }
        },
        "@material/ripple": {
          "version": "2.3.0",
          "resolved": "https://registry.npmjs.org/@material/ripple/-/ripple-2.3.0.tgz",
          "integrity": "sha512-ejXR0nstERofFhssRyFlwOLgebwm2uGbarHtWZ2/+7QY2Th/Z1wOqNb2h/WRoShsJXK11RUsochb6BJrg30u7w==",
          "requires": {
            "@material/animation": "^1.0.0",
            "@material/base": "^1.0.0",
            "@material/dom": "^1.1.0",
            "@material/feature-targeting": "^0.44.1",
            "@material/theme": "^1.1.0",
            "tslib": "^1.9.3"
          }
        },
        "@material/typography": {
          "version": "2.3.0",
          "resolved": "https://registry.npmjs.org/@material/typography/-/typography-2.3.0.tgz",
          "integrity": "sha512-NtWVVvwG9Te6/kuIl4fEwDcXGCS7mfPgo5CKPyxcK6y0hJHv6yRHpipJT9D4ZlXw0sQx9B33doOK7iYJtwBBZw==",
          "requires": {
            "@material/feature-targeting": "^0.44.1"
          }
        }
      }
    },
    "@material/elevation": {
      "version": "1.1.0",
      "resolved": "https://registry.npmjs.org/@material/elevation/-/elevation-1.1.0.tgz",
      "integrity": "sha512-m4eATJvDhWK1BT+yA1iHz5mhAk8cV9olC4mjVzm4PTAqhDH2yya4WzjN1HPVHE/a65ObyZ7V4qopxu9MRocm3A==",
      "requires": {
        "@material/animation": "^1.0.0",
        "@material/feature-targeting": "^0.44.1",
        "@material/theme": "^1.1.0"
      }
    },
    "@material/fab": {
      "version": "2.1.1",
      "resolved": "https://registry.npmjs.org/@material/fab/-/fab-2.1.1.tgz",
      "integrity": "sha512-cv9X+hMe+JrxCQGPmrqm/ftvy1cfL338/PP09yB2Wr7W931JxQykwntyuOM3LKLe+U3o1sGLkg2bL0736ccMLA==",
      "requires": {
        "@material/animation": "^1.0.0",
        "@material/elevation": "^1.1.0",
        "@material/feature-targeting": "^0.44.1",
        "@material/ripple": "^2.1.1",
        "@material/rtl": "^0.42.0",
        "@material/shape": "^1.1.1",
        "@material/theme": "^1.1.0",
        "@material/typography": "^1.0.0"
      }
    },
    "@material/feature-targeting": {
      "version": "0.44.1",
      "resolved": "https://registry.npmjs.org/@material/feature-targeting/-/feature-targeting-0.44.1.tgz",
      "integrity": "sha512-90cc7njn4aHbH9UxY8qgZth1W5JgOgcEdWdubH1t7sFkwqFxS5g3zgxSBt46TygFBVIXNZNq35Xmg80wgqO7Pg=="
    },
    "@material/floating-label": {
      "version": "1.1.0",
      "resolved": "https://registry.npmjs.org/@material/floating-label/-/floating-label-1.1.0.tgz",
      "integrity": "sha512-7q7V+9o9XesgMnK11up9z+BcRFwtLIAIqVTCL3liKRARNHuzw9FGrGMKhTJUKvLZ3z0bM1+FmmVlA3q9FJWehQ==",
      "requires": {
        "@material/animation": "^1.0.0",
        "@material/base": "^1.0.0",
        "@material/rtl": "^0.42.0",
        "@material/theme": "^1.1.0",
        "@material/typography": "^1.0.0",
        "tslib": "^1.9.3"
      }
    },
    "@material/form-field": {
      "version": "2.1.1",
      "resolved": "https://registry.npmjs.org/@material/form-field/-/form-field-2.1.1.tgz",
      "integrity": "sha512-5hbW+jQoC5svJlTgaQG5MH+4MVtL5mbMfCHhfbvOJQ/kVPZpGKEJfdWCWvJcyrh/1KLPYU3OTh6k69OC3qcDCg==",
      "requires": {
        "@material/base": "^1.0.0",
        "@material/feature-targeting": "^0.44.1",
        "@material/ripple": "^2.1.1",
        "@material/rtl": "^0.42.0",
        "@material/theme": "^1.1.0",
        "@material/typography": "^1.0.0",
        "tslib": "^1.9.3"
      }
    },
    "@material/icon-button": {
      "version": "2.1.1",
      "resolved": "https://registry.npmjs.org/@material/icon-button/-/icon-button-2.1.1.tgz",
      "integrity": "sha512-WUp06uqG458bWCp66hyutNvwiuptbE7vuOtVukG/DmxoGWLDXSRStcUzOXYYElZsmIR14SPOTD4694CaaqHz9w==",
      "requires": {
        "@material/base": "^1.0.0",
        "@material/feature-targeting": "^0.44.1",
        "@material/ripple": "^2.1.1",
        "@material/theme": "^1.1.0",
        "tslib": "^1.9.3"
      }
    },
    "@material/layout-grid": {
      "version": "0.41.0",
      "resolved": "https://registry.npmjs.org/@material/layout-grid/-/layout-grid-0.41.0.tgz",
      "integrity": "sha512-Sa5RNoTGgfIojqJ9E94p7/k11V6q/tGk7HwKi4AQNAPjxield0zcl3G/SbsSb8YSHoK+D+7OXDN+n11x6EqF7g=="
    },
    "@material/line-ripple": {
      "version": "1.1.0",
      "resolved": "https://registry.npmjs.org/@material/line-ripple/-/line-ripple-1.1.0.tgz",
      "integrity": "sha512-XqCxDNfgkh9zq0IVlTEFVjmQV8hx8m4vxLFM5qwHDDqcKPlX/Lfc8M43fmm9uE1CaJBC6whMGPvOt/dIla+RUg==",
      "requires": {
        "@material/animation": "^1.0.0",
        "@material/base": "^1.0.0",
        "@material/theme": "^1.1.0",
        "tslib": "^1.9.3"
      }
    },
    "@material/linear-progress": {
      "version": "1.1.0",
      "resolved": "https://registry.npmjs.org/@material/linear-progress/-/linear-progress-1.1.0.tgz",
      "integrity": "sha512-MIK0cD/o1rTLREtAfTK3v60h7A0/wAu8/3v9dPTMlAPe+Y5gOarAizYWM3r/bp88sGO4gU8nPK0X9/daD28pNw==",
      "requires": {
        "@material/animation": "^1.0.0",
        "@material/base": "^1.0.0",
        "@material/theme": "^1.1.0",
        "tslib": "^1.9.3"
      }
    },
    "@material/list": {
      "version": "2.1.1",
      "resolved": "https://registry.npmjs.org/@material/list/-/list-2.1.1.tgz",
      "integrity": "sha512-yZFNLQ6+nTGTJsVuqbYh9gSC+aUh3hC/0aJZzAjVCCY0qSi1vWDHcYdgmgDr4THznlcPr9TxAi6IBiJ/fHXjZg==",
      "requires": {
        "@material/base": "^1.0.0",
        "@material/dom": "^1.1.0",
        "@material/feature-targeting": "^0.44.1",
        "@material/ripple": "^2.1.1",
        "@material/rtl": "^0.42.0",
        "@material/shape": "^1.1.1",
        "@material/theme": "^1.1.0",
        "@material/typography": "^1.0.0",
        "tslib": "^1.9.3"
      }
    },
    "@material/menu": {
      "version": "2.1.1",
      "resolved": "https://registry.npmjs.org/@material/menu/-/menu-2.1.1.tgz",
      "integrity": "sha512-VCyD303Rs95Y+BFYam662gixC/iRq/wZoxiD/c5Tivj7FE0pHBWTd1wX/mhOF8UlY2c5bhSlB3d6e+g6FEeMYQ==",
      "requires": {
        "@material/base": "^1.0.0",
        "@material/feature-targeting": "^0.44.1",
        "@material/list": "^2.1.1",
        "@material/menu-surface": "^1.1.1",
        "@material/ripple": "^2.1.1",
        "@material/rtl": "^0.42.0",
        "tslib": "^1.9.3"
      }
    },
    "@material/menu-surface": {
      "version": "1.1.1",
      "resolved": "https://registry.npmjs.org/@material/menu-surface/-/menu-surface-1.1.1.tgz",
      "integrity": "sha512-bOY3LsVamovl/yb4hMBDi3gh8UFEYyP3GHNpTt+X5KBPDehoFhXG9s21aNvGbHZbwURhhWiRzy/OUC3MLE/hKA==",
      "requires": {
        "@material/animation": "^1.0.0",
        "@material/base": "^1.0.0",
        "@material/elevation": "^1.1.0",
        "@material/feature-targeting": "^0.44.1",
        "@material/rtl": "^0.42.0",
        "@material/shape": "^1.1.1",
        "@material/theme": "^1.1.0",
        "tslib": "^1.9.3"
      }
    },
    "@material/notched-outline": {
      "version": "1.1.1",
      "resolved": "https://registry.npmjs.org/@material/notched-outline/-/notched-outline-1.1.1.tgz",
      "integrity": "sha512-HekxMWgIEGlmmdiCATfEJPjAWz2jlyXnfGUiBOkAzI25/OyOgcCd3rLzcMT5DUqItbKoNk1M/9kOmzTSNSt/CA==",
      "requires": {
        "@material/animation": "^1.0.0",
        "@material/base": "^1.0.0",
        "@material/floating-label": "^1.1.0",
        "@material/rtl": "^0.42.0",
        "@material/shape": "^1.1.1",
        "@material/theme": "^1.1.0",
        "tslib": "^1.9.3"
      }
    },
    "@material/radio": {
      "version": "2.1.1",
      "resolved": "https://registry.npmjs.org/@material/radio/-/radio-2.1.1.tgz",
      "integrity": "sha512-srbafm+JP4HhfvqLKOsLaIH1L67Y2EDfmeHbkI5Ag2zLsLLqGT8BI3AtytrOeg9xSvChqex/Bg8So8+i9FcalA==",
      "requires": {
        "@material/animation": "^1.0.0",
        "@material/base": "^1.0.0",
        "@material/feature-targeting": "^0.44.1",
        "@material/ripple": "^2.1.1",
        "@material/theme": "^1.1.0",
        "tslib": "^1.9.3"
      }
    },
    "@material/ripple": {
      "version": "2.1.1",
      "resolved": "https://registry.npmjs.org/@material/ripple/-/ripple-2.1.1.tgz",
      "integrity": "sha512-/WIOBen3OLasJrr2ZXo9wpVJo6Z+1qFxnOvC61iXWqnDctq1fgTAQQbiMaRtsbfU68jDfhgLFJlwjgzvqAvFWQ==",
      "requires": {
        "@material/animation": "^1.0.0",
        "@material/base": "^1.0.0",
        "@material/dom": "^1.1.0",
        "@material/feature-targeting": "^0.44.1",
        "@material/theme": "^1.1.0",
        "tslib": "^1.9.3"
      }
    },
    "@material/rtl": {
      "version": "0.42.0",
      "resolved": "https://registry.npmjs.org/@material/rtl/-/rtl-0.42.0.tgz",
      "integrity": "sha512-VrnrKJzhmspsN8WXHuxxBZ69yM5IwhCUqWr1t1eNfw3ZEvEj7i1g3P31HGowKThIN1dc1Wh4LE14rCISWCtv5w=="
    },
    "@material/select": {
      "version": "2.1.1",
      "resolved": "https://registry.npmjs.org/@material/select/-/select-2.1.1.tgz",
      "integrity": "sha512-4BBgG4BrE3JuTtxWNKL8CgIjfCaqTrMtNHtnFoCskpvIAIVmVk+dXNY2DJO6xxeWxPSMAxi2UqzF7wNtB2U/RQ==",
      "requires": {
        "@material/animation": "^1.0.0",
        "@material/base": "^1.0.0",
        "@material/floating-label": "^1.1.0",
        "@material/line-ripple": "^1.1.0",
        "@material/menu": "^2.1.1",
        "@material/menu-surface": "^1.1.1",
        "@material/notched-outline": "^1.1.1",
        "@material/ripple": "^2.1.1",
        "@material/rtl": "^0.42.0",
        "@material/shape": "^1.1.1",
        "@material/theme": "^1.1.0",
        "@material/typography": "^1.0.0",
        "tslib": "^1.9.3"
      }
    },
    "@material/shape": {
      "version": "1.1.1",
      "resolved": "https://registry.npmjs.org/@material/shape/-/shape-1.1.1.tgz",
      "integrity": "sha512-Jge/h1XBLjdLlam4QMSzVgM99e/N8+elQROPkltqVP7eyLc17BwM3aP5cLVfZDgrJgvsjUxbgAP1H1j8sqmUyg==",
      "requires": {
        "@material/feature-targeting": "^0.44.1"
      }
    },
    "@material/snackbar": {
      "version": "2.1.1",
      "resolved": "https://registry.npmjs.org/@material/snackbar/-/snackbar-2.1.1.tgz",
      "integrity": "sha512-Ef7+FYaQ+s3E/DgQqVsU9Oe+hhU7fMiOZqKg3pLCqQSpTwrElJkgyVE0GDzu99rPfgfNfabBLRiouROjfMf7Cw==",
      "requires": {
        "@material/animation": "^1.0.0",
        "@material/base": "^1.0.0",
        "@material/button": "^2.1.1",
        "@material/dom": "^1.1.0",
        "@material/icon-button": "^2.1.1",
        "@material/ripple": "^2.1.1",
        "@material/rtl": "^0.42.0",
        "@material/shape": "^1.1.1",
        "@material/theme": "^1.1.0",
        "@material/typography": "^1.0.0",
        "tslib": "^1.9.3"
      }
    },
    "@material/switch": {
      "version": "2.1.1",
      "resolved": "https://registry.npmjs.org/@material/switch/-/switch-2.1.1.tgz",
      "integrity": "sha512-9Y08W7ygx+zy9+/hUZR5ZBdaxOEpF3D8v+wJK+EfEGhAPpYj6e2aTz83kMLGpKzvdY500QGVjvh++gbi5XQv+Q==",
      "requires": {
        "@material/animation": "^1.0.0",
        "@material/base": "^1.0.0",
        "@material/dom": "^1.1.0",
        "@material/elevation": "^1.1.0",
        "@material/feature-targeting": "^0.44.1",
        "@material/ripple": "^2.1.1",
        "@material/rtl": "^0.42.0",
        "@material/theme": "^1.1.0",
        "tslib": "^1.9.3"
      }
    },
    "@material/tab": {
      "version": "2.3.0",
      "resolved": "https://registry.npmjs.org/@material/tab/-/tab-2.3.0.tgz",
      "integrity": "sha512-6AdTvTWndPnFC4R/cXo9yZa1M6AGUoeKKaDBaTi2/8cDT0Hmwf5dJTq/T2E0XPtXEW/cELmw7x7yYy3B7IpeQA==",
      "requires": {
        "@material/base": "^1.0.0",
        "@material/ripple": "^2.3.0",
        "@material/rtl": "^0.42.0",
        "@material/tab-indicator": "^2.3.0",
        "@material/theme": "^1.1.0",
        "@material/typography": "^2.3.0",
        "tslib": "^1.9.3"
      },
      "dependencies": {
        "@material/ripple": {
          "version": "2.3.0",
          "resolved": "https://registry.npmjs.org/@material/ripple/-/ripple-2.3.0.tgz",
          "integrity": "sha512-ejXR0nstERofFhssRyFlwOLgebwm2uGbarHtWZ2/+7QY2Th/Z1wOqNb2h/WRoShsJXK11RUsochb6BJrg30u7w==",
          "requires": {
            "@material/animation": "^1.0.0",
            "@material/base": "^1.0.0",
            "@material/dom": "^1.1.0",
            "@material/feature-targeting": "^0.44.1",
            "@material/theme": "^1.1.0",
            "tslib": "^1.9.3"
          }
        },
        "@material/typography": {
          "version": "2.3.0",
          "resolved": "https://registry.npmjs.org/@material/typography/-/typography-2.3.0.tgz",
          "integrity": "sha512-NtWVVvwG9Te6/kuIl4fEwDcXGCS7mfPgo5CKPyxcK6y0hJHv6yRHpipJT9D4ZlXw0sQx9B33doOK7iYJtwBBZw==",
          "requires": {
            "@material/feature-targeting": "^0.44.1"
          }
        }
      }
    },
    "@material/tab-bar": {
      "version": "2.1.1",
      "resolved": "https://registry.npmjs.org/@material/tab-bar/-/tab-bar-2.1.1.tgz",
      "integrity": "sha512-/Tr/q2DJAs6P1h3fKrBSBR1R5CkY2JiGyRHaAImCDVfSg4Pb43inHaCmAegkahA1+5QlAn+Dc0QZy8zfTW4+7g==",
      "requires": {
        "@material/base": "^1.0.0",
        "@material/elevation": "^1.1.0",
        "@material/tab": "^2.1.1",
        "@material/tab-scroller": "^2.1.1",
        "tslib": "^1.9.3"
      }
    },
    "@material/tab-indicator": {
      "version": "2.3.0",
      "resolved": "https://registry.npmjs.org/@material/tab-indicator/-/tab-indicator-2.3.0.tgz",
      "integrity": "sha512-E9jlESIfjTOoo2pZn7KoTeXEW2jI/2RVtu6IEbhfESLuxPGYmxgO+QxIodEW0VoJhogaa6hR/mFnYBVLbh3JZQ==",
      "requires": {
        "@material/animation": "^1.0.0",
        "@material/base": "^1.0.0",
        "@material/theme": "^1.1.0",
        "tslib": "^1.9.3"
      }
    },
    "@material/tab-scroller": {
      "version": "2.3.0",
      "resolved": "https://registry.npmjs.org/@material/tab-scroller/-/tab-scroller-2.3.0.tgz",
      "integrity": "sha512-WLAH6po+3SrMJSsnq056aBcLxNMg4TVGyST+TO/wdWOg6QYFSgrjaYpZQEJIkPO+W8Jt54xieI7GPoU5KYB7AA==",
      "requires": {
        "@material/animation": "^1.0.0",
        "@material/base": "^1.0.0",
        "@material/dom": "^1.1.0",
        "@material/tab": "^2.3.0",
        "tslib": "^1.9.3"
      }
    },
    "@material/textfield": {
      "version": "2.1.1",
      "resolved": "https://registry.npmjs.org/@material/textfield/-/textfield-2.1.1.tgz",
      "integrity": "sha512-U7d2Jq9EJELff1zivTSZzFHT45+5xYC774k7se7iyl3SwquJeOXPjKQVo30Uk485LhTVwwlvtcsKh103ptKE1w==",
      "requires": {
        "@material/animation": "^1.0.0",
        "@material/base": "^1.0.0",
        "@material/dom": "^1.1.0",
        "@material/floating-label": "^1.1.0",
        "@material/line-ripple": "^1.1.0",
        "@material/notched-outline": "^1.1.1",
        "@material/ripple": "^2.1.1",
        "@material/rtl": "^0.42.0",
        "@material/shape": "^1.1.1",
        "@material/theme": "^1.1.0",
        "@material/typography": "^1.0.0",
        "tslib": "^1.9.3"
      }
    },
    "@material/theme": {
      "version": "1.1.0",
      "resolved": "https://registry.npmjs.org/@material/theme/-/theme-1.1.0.tgz",
      "integrity": "sha512-YYUV9Rhbx4r/EMb/zoOYJUWjhXChNaLlH1rqt3vpNVyxRcxGqoVMGp5u1XALBCFiD9dACPKLIkKyRYa928nmPQ==",
      "requires": {
        "@material/feature-targeting": "^0.44.1"
      }
    },
    "@material/top-app-bar": {
      "version": "2.3.0",
      "resolved": "https://registry.npmjs.org/@material/top-app-bar/-/top-app-bar-2.3.0.tgz",
      "integrity": "sha512-Y62htWToLGABuxHbFYZxHrR99uVAQa7kdlix7tB7h4J5C/SIIKe9plRMh5e0mqhGf006okrAS0h8J+6KM4hh0Q==",
      "requires": {
        "@material/animation": "^1.0.0",
        "@material/base": "^1.0.0",
        "@material/elevation": "^1.1.0",
        "@material/ripple": "^2.3.0",
        "@material/rtl": "^0.42.0",
        "@material/shape": "^1.1.1",
        "@material/theme": "^1.1.0",
        "@material/typography": "^2.3.0",
        "tslib": "^1.9.3"
      },
      "dependencies": {
        "@material/ripple": {
          "version": "2.3.0",
          "resolved": "https://registry.npmjs.org/@material/ripple/-/ripple-2.3.0.tgz",
          "integrity": "sha512-ejXR0nstERofFhssRyFlwOLgebwm2uGbarHtWZ2/+7QY2Th/Z1wOqNb2h/WRoShsJXK11RUsochb6BJrg30u7w==",
          "requires": {
            "@material/animation": "^1.0.0",
            "@material/base": "^1.0.0",
            "@material/dom": "^1.1.0",
            "@material/feature-targeting": "^0.44.1",
            "@material/theme": "^1.1.0",
            "tslib": "^1.9.3"
          }
        },
        "@material/typography": {
          "version": "2.3.0",
          "resolved": "https://registry.npmjs.org/@material/typography/-/typography-2.3.0.tgz",
          "integrity": "sha512-NtWVVvwG9Te6/kuIl4fEwDcXGCS7mfPgo5CKPyxcK6y0hJHv6yRHpipJT9D4ZlXw0sQx9B33doOK7iYJtwBBZw==",
          "requires": {
            "@material/feature-targeting": "^0.44.1"
          }
        }
      }
    },
    "@material/typography": {
      "version": "1.0.0",
      "resolved": "https://registry.npmjs.org/@material/typography/-/typography-1.0.0.tgz",
      "integrity": "sha512-Oeqbjci1cC7jTE8/n3dwnkqKe9ZeWiaE+rgMtRYtRFw1HvAw14SpGA5EEAS/Li2Hu2KZ50FYCe3HYqShfxtChA==",
      "requires": {
        "@material/feature-targeting": "^0.44.1"
      }
    },
    "@materials-ui/core": {
      "version": "0.0.27",
      "resolved": "https://registry.npmjs.org/@materials-ui/core/-/core-0.0.27.tgz",
      "integrity": "sha512-C4nLmJ33/3rV9h2/IEtAJXczpMxU7fm/g8yGd8opZ2oZVN8s3G3f+4/iTZ97fSPl36mUQe/T5AwTMmkoNjOglQ==",
      "requires": {
        "@material/animation": "~1.0.0",
        "@material/base": "~1.0.0",
        "@material/button": "~2.1.1",
        "@material/card": "~2.1.1",
        "@material/checkbox": "~2.1.1",
        "@material/chips": "~2.1.1",
        "@material/dialog": "~2.1.1",
        "@material/drawer": "^2.1.1",
        "@material/elevation": "~1.1.0",
        "@material/fab": "~2.1.1",
        "@material/floating-label": "~1.1.0",
        "@material/form-field": "~2.1.1",
        "@material/icon-button": "~2.1.1",
        "@material/layout-grid": "0.41.0",
        "@material/line-ripple": "~1.1.0",
        "@material/linear-progress": "~1.1.0",
        "@material/list": "~2.1.1",
        "@material/menu": "~2.1.1",
        "@material/notched-outline": "~1.1.1",
        "@material/radio": "~2.1.1",
        "@material/ripple": "~2.1.1",
        "@material/select": "~2.1.1",
        "@material/snackbar": "~2.1.1",
        "@material/switch": "~2.1.1",
        "@material/tab-bar": "~2.1.1",
        "@material/textfield": "~2.1.1",
        "@material/theme": "~1.1.0",
        "@material/top-app-bar": "^2.1.1",
        "@material/typography": "~1.0.0",
        "material-design-icons": "^3.0.1"
      }
    },
    "classnames": {
      "version": "2.2.6",
      "resolved": "https://registry.npmjs.org/classnames/-/classnames-2.2.6.tgz",
      "integrity": "sha512-JR/iSQOSt+LQIWwrwEzJ9uk0xfN3mTVYMwt1Ir5mUcSN6pU+V4zQFFaJsclJbPuAUQH+yfWef6tm7l1quW3C8Q=="
    },
    "create-react-context": {
      "version": "0.3.0",
      "resolved": "https://registry.npmjs.org/create-react-context/-/create-react-context-0.3.0.tgz",
      "integrity": "sha512-dNldIoSuNSvlTJ7slIKC/ZFGKexBMBrrcc+TTe1NdmROnaASuLPvqpwj9v4XS4uXZ8+YPu0sNmShX2rXI5LNsw==",
      "requires": {
        "gud": "^1.0.0",
        "warning": "^4.0.3"
      }
    },
    "deep-equal": {
      "version": "1.1.1",
      "resolved": "https://registry.npmjs.org/deep-equal/-/deep-equal-1.1.1.tgz",
      "integrity": "sha512-yd9c5AdiqVcR+JjcwUQb9DkhJc8ngNr0MahEBGvDiJw8puWab2yZlh+nkasOnZP+EGTAP6rRp2JzJhJZzvNF8g==",
      "requires": {
        "is-arguments": "^1.0.4",
        "is-date-object": "^1.0.1",
        "is-regex": "^1.0.4",
        "object-is": "^1.0.1",
        "object-keys": "^1.1.1",
        "regexp.prototype.flags": "^1.2.0"
      }
    },
    "define-properties": {
      "version": "1.1.3",
      "resolved": "https://registry.npmjs.org/define-properties/-/define-properties-1.1.3.tgz",
      "integrity": "sha512-3MqfYKj2lLzdMSf8ZIZE/V+Zuy+BgD6f164e8K2w7dgnpKArBDerGYpM46IYYcjnkdPNMjPk9A6VFB8+3SKlXQ==",
      "requires": {
        "object-keys": "^1.0.12"
      }
    },
    "dom-helpers": {
      "version": "3.4.0",
      "resolved": "https://registry.npmjs.org/dom-helpers/-/dom-helpers-3.4.0.tgz",
      "integrity": "sha512-LnuPJ+dwqKDIyotW1VzmOZ5TONUN7CwkCR5hrgawTUbkBGYdeoNLZo6nNfGkCrjtE1nXXaj7iMMpDa8/d9WoIA==",
      "requires": {
        "@babel/runtime": "^7.1.2"
      }
    },
    "es-abstract": {
      "version": "1.17.5",
      "resolved": "https://registry.npmjs.org/es-abstract/-/es-abstract-1.17.5.tgz",
      "integrity": "sha512-BR9auzDbySxOcfog0tLECW8l28eRGpDpU3Dm3Hp4q/N+VtLTmyj4EUN088XZWQDW/hzj6sYRDXeOFsaAODKvpg==",
      "requires": {
        "es-to-primitive": "^1.2.1",
        "function-bind": "^1.1.1",
        "has": "^1.0.3",
        "has-symbols": "^1.0.1",
        "is-callable": "^1.1.5",
        "is-regex": "^1.0.5",
        "object-inspect": "^1.7.0",
        "object-keys": "^1.1.1",
        "object.assign": "^4.1.0",
        "string.prototype.trimleft": "^2.1.1",
        "string.prototype.trimright": "^2.1.1"
      }
    },
    "es-to-primitive": {
      "version": "1.2.1",
      "resolved": "https://registry.npmjs.org/es-to-primitive/-/es-to-primitive-1.2.1.tgz",
      "integrity": "sha512-QCOllgZJtaUo9miYBcLChTUaHNjJF3PYs1VidD7AwiEj1kYxKeQTctLAezAOH5ZKRH0g2IgPn6KwB4IT8iRpvA==",
      "requires": {
        "is-callable": "^1.1.4",
        "is-date-object": "^1.0.1",
        "is-symbol": "^1.0.2"
      }
    },
    "focus-trap": {
      "version": "5.1.0",
      "resolved": "https://registry.npmjs.org/focus-trap/-/focus-trap-5.1.0.tgz",
      "integrity": "sha512-CkB/nrO55069QAUjWFBpX6oc+9V90Qhgpe6fBWApzruMq5gnlh90Oo7iSSDK7pKiV5ugG6OY2AXM5mxcmL3lwQ==",
      "requires": {
        "tabbable": "^4.0.0",
        "xtend": "^4.0.1"
      }
    },
    "function-bind": {
      "version": "1.1.1",
      "resolved": "https://registry.npmjs.org/function-bind/-/function-bind-1.1.1.tgz",
      "integrity": "sha512-yIovAzMX49sF8Yl58fSCWJ5svSLuaibPxXQJFLmBObTuCr0Mf1KiPopGM9NiFjiYBCbfaa2Fh6breQ6ANVTI0A=="
    },
    "gud": {
      "version": "1.0.0",
      "resolved": "https://registry.npmjs.org/gud/-/gud-1.0.0.tgz",
      "integrity": "sha512-zGEOVKFM5sVPPrYs7J5/hYEw2Pof8KCyOwyhG8sAF26mCAeUFAcYPu1mwB7hhpIP29zOIBaDqwuHdLp0jvZXjw=="
    },
    "has": {
      "version": "1.0.3",
      "resolved": "https://registry.npmjs.org/has/-/has-1.0.3.tgz",
      "integrity": "sha512-f2dvO0VU6Oej7RkWJGrehjbzMAjFp5/VKPp5tTpWIV4JHHZK1/BxbFRtf/siA2SWTe09caDmVtYYzWEIbBS4zw==",
      "requires": {
        "function-bind": "^1.1.1"
      }
    },
    "has-symbols": {
      "version": "1.0.1",
      "resolved": "https://registry.npmjs.org/has-symbols/-/has-symbols-1.0.1.tgz",
      "integrity": "sha512-PLcsoqu++dmEIZB+6totNFKq/7Do+Z0u4oT0zKOJNl3lYK6vGwwu2hjHs+68OEZbTjiUE9bgOABXbP/GvrS0Kg=="
    },
    "is-arguments": {
      "version": "1.0.4",
      "resolved": "https://registry.npmjs.org/is-arguments/-/is-arguments-1.0.4.tgz",
      "integrity": "sha512-xPh0Rmt8NE65sNzvyUmWgI1tz3mKq74lGA0mL8LYZcoIzKOzDh6HmrYm3d18k60nHerC8A9Km8kYu87zfSFnLA=="
    },
    "is-callable": {
      "version": "1.1.5",
      "resolved": "https://registry.npmjs.org/is-callable/-/is-callable-1.1.5.tgz",
      "integrity": "sha512-ESKv5sMCJB2jnHTWZ3O5itG+O128Hsus4K4Qh1h2/cgn2vbgnLSVqfV46AeJA9D5EeeLa9w81KUXMtn34zhX+Q=="
    },
    "is-date-object": {
      "version": "1.0.2",
      "resolved": "https://registry.npmjs.org/is-date-object/-/is-date-object-1.0.2.tgz",
      "integrity": "sha512-USlDT524woQ08aoZFzh3/Z6ch9Y/EWXEHQ/AaRN0SkKq4t2Jw2R2339tSXmwuVoY7LLlBCbOIlx2myP/L5zk0g=="
    },
    "is-regex": {
      "version": "1.0.5",
      "resolved": "https://registry.npmjs.org/is-regex/-/is-regex-1.0.5.tgz",
      "integrity": "sha512-vlKW17SNq44owv5AQR3Cq0bQPEb8+kF3UKZ2fiZNOWtztYE5i0CzCZxFDwO58qAOWtxdBRVO/V5Qin1wjCqFYQ==",
      "requires": {
        "has": "^1.0.3"
      }
    },
    "is-symbol": {
      "version": "1.0.3",
      "resolved": "https://registry.npmjs.org/is-symbol/-/is-symbol-1.0.3.tgz",
      "integrity": "sha512-OwijhaRSgqvhm/0ZdAcXNZt9lYdKFpcRDT5ULUuYXPoT794UNOdU+gpT6Rzo7b4V2HUl/op6GqY894AZwv9faQ==",
      "requires": {
        "has-symbols": "^1.0.1"
      }
    },
    "js-tokens": {
      "version": "4.0.0",
      "resolved": "https://registry.npmjs.org/js-tokens/-/js-tokens-4.0.0.tgz",
      "integrity": "sha512-RdJUflcE3cUzKiMqQgsCu06FPu9UdIJO0beYbPhHN4k6apgJtifcoCtT9bcxOpYBtpD2kCM6Sbzg4CausW/PKQ=="
    },
    "lodash": {
      "version": "4.17.15",
      "resolved": "https://registry.npmjs.org/lodash/-/lodash-4.17.15.tgz",
      "integrity": "sha512-8xOcRHvCjnocdS5cpwXQXVzmmh5e5+saE2QGoeQmbKmRS6J3VQppPOIt0MnmE+4xlZoumy0GPG0D0MVIQbNA1A=="
    },
    "loose-envify": {
      "version": "1.4.0",
      "resolved": "https://registry.npmjs.org/loose-envify/-/loose-envify-1.4.0.tgz",
      "integrity": "sha512-lyuxPGr/Wfhrlem2CL/UcnUc1zcqKAImBDzukY7Y5F/yQiNdko6+fRLevlw1HgMySw7f611UIY408EtxRSoK3Q==",
      "requires": {
        "js-tokens": "^3.0.0 || ^4.0.0"
      }
    },
    "material-design-icons": {
      "version": "3.0.1",
      "resolved": "https://registry.npmjs.org/material-design-icons/-/material-design-icons-3.0.1.tgz",
      "integrity": "sha1-mnHEh0chjrylHlGmbaaCA4zct78="
    },
    "object-assign": {
      "version": "4.1.1",
      "resolved": "https://registry.npmjs.org/object-assign/-/object-assign-4.1.1.tgz",
      "integrity": "sha1-IQmtx5ZYh8/AXLvUQsrIv7s2CGM="
    },
    "object-inspect": {
      "version": "1.7.0",
      "resolved": "https://registry.npmjs.org/object-inspect/-/object-inspect-1.7.0.tgz",
      "integrity": "sha512-a7pEHdh1xKIAgTySUGgLMx/xwDZskN1Ud6egYYN3EdRW4ZMPNEDUTF+hwy2LUC+Bl+SyLXANnwz/jyh/qutKUw=="
    },
    "object-is": {
      "version": "1.0.2",
      "resolved": "https://registry.npmjs.org/object-is/-/object-is-1.0.2.tgz",
      "integrity": "sha512-Epah+btZd5wrrfjkJZq1AOB9O6OxUQto45hzFd7lXGrpHPGE0W1k+426yrZV+k6NJOzLNNW/nVsmZdIWsAqoOQ=="
    },
    "object-keys": {
      "version": "1.1.1",
      "resolved": "https://registry.npmjs.org/object-keys/-/object-keys-1.1.1.tgz",
      "integrity": "sha512-NuAESUOUMrlIXOfHKzD6bpPu3tYt3xvjNdRIQ+FeT0lNb4K8WR70CaDxhuNguS2XG+GjkyMwOzsN5ZktImfhLA=="
    },
    "object.assign": {
      "version": "4.1.0",
      "resolved": "https://registry.npmjs.org/object.assign/-/object.assign-4.1.0.tgz",
      "integrity": "sha512-exHJeq6kBKj58mqGyTQ9DFvrZC/eR6OwxzoM9YRoGBqrXYonaFyGiFMuc9VZrXf7DarreEwMpurG3dd+CNyW5w==",
      "requires": {
        "define-properties": "^1.1.2",
        "function-bind": "^1.1.1",
        "has-symbols": "^1.0.0",
        "object-keys": "^1.0.11"
      }
    },
    "popper.js": {
      "version": "1.16.1",
      "resolved": "https://registry.npmjs.org/popper.js/-/popper.js-1.16.1.tgz",
      "integrity": "sha512-Wb4p1J4zyFTbM+u6WuO4XstYx4Ky9Cewe4DWrel7B0w6VVICvPwdOpotjzcf6eD8TsckVnIMNONQyPIUFOUbCQ=="
    },
    "prop-types": {
      "version": "15.7.2",
      "resolved": "https://registry.npmjs.org/prop-types/-/prop-types-15.7.2.tgz",
      "integrity": "sha512-8QQikdH7//R2vurIJSutZ1smHYTcLpRWEOlHnzcWHmBYrOGUysKwSsrC89BCiFj3CbrfJ/nXFdJepOVrY1GCHQ==",
      "requires": {
        "loose-envify": "^1.4.0",
        "object-assign": "^4.1.1",
        "react-is": "^16.8.1"
      }
    },
    "react-chartjs-2": {
      "version": "2.9.0",
      "resolved": "https://registry.npmjs.org/react-chartjs-2/-/react-chartjs-2-2.9.0.tgz",
      "integrity": "sha512-IYwqUUnQRAJ9SNA978vxulHJTcUFTJk2LDVfbAyk0TnJFZZG7+6U/2flsE4MCw6WCbBjTTypy8T82Ch7XrPtRw==",
      "requires": {
        "lodash": "^4.17.4",
        "prop-types": "^15.5.8"
      }
    },
    "react-is": {
      "version": "16.13.1",
      "resolved": "https://registry.npmjs.org/react-is/-/react-is-16.13.1.tgz",
      "integrity": "sha512-24e6ynE2H+OKt4kqsOvNd8kBpV65zoxbA4BVsEOB3ARVWQki/DHzaUoC5KuON/BiccDaCCTZBuOcfZs70kR8bQ=="
    },
    "react-lifecycles-compat": {
      "version": "3.0.4",
      "resolved": "https://registry.npmjs.org/react-lifecycles-compat/-/react-lifecycles-compat-3.0.4.tgz",
      "integrity": "sha512-fBASbA6LnOU9dOU2eW7aQ8xmYBSXUIWr+UmF9b1efZBazGNO+rcXT/icdKnYm2pTwcRylVUYwW7H1PHfLekVzA=="
    },
    "react-popper": {
      "version": "1.3.7",
      "resolved": "https://registry.npmjs.org/react-popper/-/react-popper-1.3.7.tgz",
      "integrity": "sha512-nmqYTx7QVjCm3WUZLeuOomna138R1luC4EqkW3hxJUrAe+3eNz3oFCLYdnPwILfn0mX1Ew2c3wctrjlUMYYUww==",
      "requires": {
        "@babel/runtime": "^7.1.2",
        "create-react-context": "^0.3.0",
        "deep-equal": "^1.1.1",
        "popper.js": "^1.14.4",
        "prop-types": "^15.6.1",
        "typed-styles": "^0.0.7",
        "warning": "^4.0.2"
      }
    },
    "react-transition-group": {
      "version": "2.9.0",
      "resolved": "https://registry.npmjs.org/react-transition-group/-/react-transition-group-2.9.0.tgz",
      "integrity": "sha512-+HzNTCHpeQyl4MJ/bdE0u6XRMe9+XG/+aL4mCxVN4DnPBQ0/5bfHWPDuOZUzYdMj94daZaZdCCc1Dzt9R/xSSg==",
      "requires": {
        "dom-helpers": "^3.4.0",
        "loose-envify": "^1.4.0",
        "prop-types": "^15.6.2",
        "react-lifecycles-compat": "^3.0.4"
      }
    },
    "reactstrap": {
      "version": "8.4.1",
      "resolved": "https://registry.npmjs.org/reactstrap/-/reactstrap-8.4.1.tgz",
      "integrity": "sha512-oAjp9PYYUGKl7SLXwrQ1oRIrYw0MqfO2mUqYgGapFKHG2uwjEtLip5rYxtMujkGx3COjH5FX1WtcfNU4oqpH0Q==",
      "requires": {
        "@babel/runtime": "^7.2.0",
        "classnames": "^2.2.3",
        "prop-types": "^15.5.8",
        "react-lifecycles-compat": "^3.0.4",
        "react-popper": "^1.3.6",
        "react-transition-group": "^2.3.1"
      }
    },
    "regenerator-runtime": {
      "version": "0.13.5",
      "resolved": "https://registry.npmjs.org/regenerator-runtime/-/regenerator-runtime-0.13.5.tgz",
      "integrity": "sha512-ZS5w8CpKFinUzOwW3c83oPeVXoNsrLsaCoLtJvAClH135j/R77RuymhiSErhm2lKcwSCIpmvIWSbDkIfAqKQlA=="
    },
    "regexp.prototype.flags": {
      "version": "1.3.0",
      "resolved": "https://registry.npmjs.org/regexp.prototype.flags/-/regexp.prototype.flags-1.3.0.tgz",
      "integrity": "sha512-2+Q0C5g951OlYlJz6yu5/M33IcsESLlLfsyIaLJaG4FA2r4yP8MvVMJUUP/fVBkSpbbbZlS5gynbEWLipiiXiQ==",
      "requires": {
        "define-properties": "^1.1.3",
        "es-abstract": "^1.17.0-next.1"
      }
    },
    "string.prototype.trimend": {
      "version": "1.0.1",
      "resolved": "https://registry.npmjs.org/string.prototype.trimend/-/string.prototype.trimend-1.0.1.tgz",
      "integrity": "sha512-LRPxFUaTtpqYsTeNKaFOw3R4bxIzWOnbQ837QfBylo8jIxtcbK/A/sMV7Q+OAV/vWo+7s25pOE10KYSjaSO06g==",
      "requires": {
        "define-properties": "^1.1.3",
        "es-abstract": "^1.17.5"
      }
    },
    "string.prototype.trimleft": {
      "version": "2.1.2",
      "resolved": "https://registry.npmjs.org/string.prototype.trimleft/-/string.prototype.trimleft-2.1.2.tgz",
      "integrity": "sha512-gCA0tza1JBvqr3bfAIFJGqfdRTyPae82+KTnm3coDXkZN9wnuW3HjGgN386D7hfv5CHQYCI022/rJPVlqXyHSw==",
      "requires": {
        "define-properties": "^1.1.3",
        "es-abstract": "^1.17.5",
        "string.prototype.trimstart": "^1.0.0"
      }
    },
    "string.prototype.trimright": {
      "version": "2.1.2",
      "resolved": "https://registry.npmjs.org/string.prototype.trimright/-/string.prototype.trimright-2.1.2.tgz",
      "integrity": "sha512-ZNRQ7sY3KroTaYjRS6EbNiiHrOkjihL9aQE/8gfQ4DtAC/aEBRHFJa44OmoWxGGqXuJlfKkZW4WcXErGr+9ZFg==",
      "requires": {
        "define-properties": "^1.1.3",
        "es-abstract": "^1.17.5",
        "string.prototype.trimend": "^1.0.0"
      }
    },
    "string.prototype.trimstart": {
      "version": "1.0.1",
      "resolved": "https://registry.npmjs.org/string.prototype.trimstart/-/string.prototype.trimstart-1.0.1.tgz",
      "integrity": "sha512-XxZn+QpvrBI1FOcg6dIpxUPgWCPuNXvMD72aaRaUQv1eD4e/Qy8i/hFTe0BUmD60p/QA6bh1avmuPTfNjqVWRw==",
      "requires": {
        "define-properties": "^1.1.3",
        "es-abstract": "^1.17.5"
      }
    },
    "tabbable": {
      "version": "4.0.0",
      "resolved": "https://registry.npmjs.org/tabbable/-/tabbable-4.0.0.tgz",
      "integrity": "sha512-H1XoH1URcBOa/rZZWxLxHCtOdVUEev+9vo5YdYhC9tCY4wnybX+VQrCYuy9ubkg69fCBxCONJOSLGfw0DWMffQ=="
    },
    "tslib": {
      "version": "1.11.1",
      "resolved": "https://registry.npmjs.org/tslib/-/tslib-1.11.1.tgz",
      "integrity": "sha512-aZW88SY8kQbU7gpV19lN24LtXh/yD4ZZg6qieAJDDg+YBsJcSmLGK9QpnUjAKVG/xefmvJGd1WUmfpT/g6AJGA=="
    },
    "typed-styles": {
      "version": "0.0.7",
      "resolved": "https://registry.npmjs.org/typed-styles/-/typed-styles-0.0.7.tgz",
      "integrity": "sha512-pzP0PWoZUhsECYjABgCGQlRGL1n7tOHsgwYv3oIiEpJwGhFTuty/YNeduxQYzXXa3Ge5BdT6sHYIQYpl4uJ+5Q=="
    },
    "warning": {
      "version": "4.0.3",
      "resolved": "https://registry.npmjs.org/warning/-/warning-4.0.3.tgz",
      "integrity": "sha512-rpJyN222KWIvHJ/F53XSZv0Zl/accqHR8et1kpaMTD/fLCRxtV8iX8czMzY7sVZupTI3zcUTg8eycS2kNF9l6w==",
      "requires": {
        "loose-envify": "^1.0.0"
      }
    },
    "xtend": {
      "version": "4.0.2",
      "resolved": "https://registry.npmjs.org/xtend/-/xtend-4.0.2.tgz",
      "integrity": "sha512-LKYU1iAXJXUgAXn9URjiu+MWhyUXHsvfp7mcuYm9dSUKK0/CjtrUwFAxD82/mCWbtLsGjFIad0wIsod4zrTAEQ=="
    }
  }
}
